// !$*UTF8*$!
{
	archiveVersion = 1;
	classes = {
	};
	objectVersion = 55;
	objects = {

/* Begin PBXBuildFile section */
		C76943936A10013583066206 /* Pods_TattooApp_PetProject.framework in Frameworks */ = {isa = PBXBuildFile; fileRef = 4523D878FF2973B9299C4D49 /* Pods_TattooApp_PetProject.framework */; };
		CE5F0A8828F68F0A0068DC2D /* AppDelegate.swift in Sources */ = {isa = PBXBuildFile; fileRef = CE5F0A8728F68F0A0068DC2D /* AppDelegate.swift */; };
		CE5F0A8A28F68F0A0068DC2D /* SceneDelegate.swift in Sources */ = {isa = PBXBuildFile; fileRef = CE5F0A8928F68F0A0068DC2D /* SceneDelegate.swift */; };
		CE5F0A8F28F68F0A0068DC2D /* Main.storyboard in Resources */ = {isa = PBXBuildFile; fileRef = CE5F0A8D28F68F0A0068DC2D /* Main.storyboard */; };
		CE5F0A9128F68F0B0068DC2D /* Assets.xcassets in Resources */ = {isa = PBXBuildFile; fileRef = CE5F0A9028F68F0B0068DC2D /* Assets.xcassets */; };
		CE5F0A9428F68F0B0068DC2D /* LaunchScreen.storyboard in Resources */ = {isa = PBXBuildFile; fileRef = CE5F0A9228F68F0B0068DC2D /* LaunchScreen.storyboard */; };
		CE5F0A9C28F68FF20068DC2D /* MainViewController.swift in Sources */ = {isa = PBXBuildFile; fileRef = CE5F0A9B28F68FF20068DC2D /* MainViewController.swift */; };
		CE5F0A9F28F690580068DC2D /* SideMenuModel.swift in Sources */ = {isa = PBXBuildFile; fileRef = CE5F0A9E28F690580068DC2D /* SideMenuModel.swift */; };
		CE5F0AA128F690AA0068DC2D /* SideMenuController.swift in Sources */ = {isa = PBXBuildFile; fileRef = CE5F0AA028F690AA0068DC2D /* SideMenuController.swift */; };
		CE5F0AA528F6912F0068DC2D /* SideMenuCell.swift in Sources */ = {isa = PBXBuildFile; fileRef = CE5F0AA328F6912F0068DC2D /* SideMenuCell.swift */; };
		CE5F0AA628F6912F0068DC2D /* SideMenuCell.xib in Resources */ = {isa = PBXBuildFile; fileRef = CE5F0AA428F6912F0068DC2D /* SideMenuCell.xib */; };
		CE5F0AA828F691BA0068DC2D /* HomeViewController.swift in Sources */ = {isa = PBXBuildFile; fileRef = CE5F0AA728F691BA0068DC2D /* HomeViewController.swift */; };
		CE5F0AAA28F691DE0068DC2D /* PriceViewController.swift in Sources */ = {isa = PBXBuildFile; fileRef = CE5F0AA928F691DE0068DC2D /* PriceViewController.swift */; };
		CE5F0AAC28F691FD0068DC2D /* RecommendationViewController.swift in Sources */ = {isa = PBXBuildFile; fileRef = CE5F0AAB28F691FD0068DC2D /* RecommendationViewController.swift */; };
		CE5F0AAE28F692170068DC2D /* RecordingViewController.swift in Sources */ = {isa = PBXBuildFile; fileRef = CE5F0AAD28F692170068DC2D /* RecordingViewController.swift */; };
		CE5F0AB028F6923F0068DC2D /* TattooIdeasViewController.swift in Sources */ = {isa = PBXBuildFile; fileRef = CE5F0AAF28F6923F0068DC2D /* TattooIdeasViewController.swift */; };
		CE5F0AB228F692710068DC2D /* SettingsViewController.swift in Sources */ = {isa = PBXBuildFile; fileRef = CE5F0AB128F692710068DC2D /* SettingsViewController.swift */; };
		CE5F0AB428F6B7120068DC2D /* myWorksCell.swift in Sources */ = {isa = PBXBuildFile; fileRef = CE5F0AB328F6B7120068DC2D /* myWorksCell.swift */; };
		CE86521828F822200054CF5E /* PriceModel.swift in Sources */ = {isa = PBXBuildFile; fileRef = CE86521728F822200054CF5E /* PriceModel.swift */; };
		CE86521B28F823F80054CF5E /* PriceCell.swift in Sources */ = {isa = PBXBuildFile; fileRef = CE86521928F823F80054CF5E /* PriceCell.swift */; };
		CE86521C28F823F80054CF5E /* PriceCell.xib in Resources */ = {isa = PBXBuildFile; fileRef = CE86521A28F823F80054CF5E /* PriceCell.xib */; };
		CE86521F28F8240A0054CF5E /* StockCell.swift in Sources */ = {isa = PBXBuildFile; fileRef = CE86521D28F8240A0054CF5E /* StockCell.swift */; };
		CE86522028F8240A0054CF5E /* StockCell.xib in Resources */ = {isa = PBXBuildFile; fileRef = CE86521E28F8240A0054CF5E /* StockCell.xib */; };
		CE9BDAB228F6C7A9006338B4 /* myWorksModel.swift in Sources */ = {isa = PBXBuildFile; fileRef = CE9BDAB128F6C7A9006338B4 /* myWorksModel.swift */; };
		CEC5B3C128FC1469001B2D00 /* Network.swift in Sources */ = {isa = PBXBuildFile; fileRef = CEC5B3C028FC1469001B2D00 /* Network.swift */; };
		CEC5B3C328FC15B0001B2D00 /* NetworkDataFetcher.swift in Sources */ = {isa = PBXBuildFile; fileRef = CEC5B3C228FC15B0001B2D00 /* NetworkDataFetcher.swift */; };
		CEC5B3C528FC1654001B2D00 /* DataModel.swift in Sources */ = {isa = PBXBuildFile; fileRef = CEC5B3C428FC1654001B2D00 /* DataModel.swift */; };
		CEC5B3C828FC1822001B2D00 /* TattooIdeaCell.swift in Sources */ = {isa = PBXBuildFile; fileRef = CEC5B3C628FC1822001B2D00 /* TattooIdeaCell.swift */; };
		CEC5B3C928FC1822001B2D00 /* TattooIdeaCell.xib in Resources */ = {isa = PBXBuildFile; fileRef = CEC5B3C728FC1822001B2D00 /* TattooIdeaCell.xib */; };
		CEC5B3CC28FD6DF4001B2D00 /* BeforeSessionCell.swift in Sources */ = {isa = PBXBuildFile; fileRef = CEC5B3CA28FD6DF4001B2D00 /* BeforeSessionCell.swift */; };
		CEC5B3CD28FD6DF4001B2D00 /* BeforeSessionCell.xib in Resources */ = {isa = PBXBuildFile; fileRef = CEC5B3CB28FD6DF4001B2D00 /* BeforeSessionCell.xib */; };
		CEC5B3D028FD6E08001B2D00 /* AfterSessionCell.swift in Sources */ = {isa = PBXBuildFile; fileRef = CEC5B3CE28FD6E08001B2D00 /* AfterSessionCell.swift */; };
		CEC5B3D128FD6E09001B2D00 /* AfterSessionCell.xib in Resources */ = {isa = PBXBuildFile; fileRef = CEC5B3CF28FD6E08001B2D00 /* AfterSessionCell.xib */; };
		CEC5B3D428FD6E41001B2D00 /* ContraindicationCell.swift in Sources */ = {isa = PBXBuildFile; fileRef = CEC5B3D228FD6E41001B2D00 /* ContraindicationCell.swift */; };
		CEC5B3D528FD6E41001B2D00 /* ContraindicationCell.xib in Resources */ = {isa = PBXBuildFile; fileRef = CEC5B3D328FD6E41001B2D00 /* ContraindicationCell.xib */; };
/* End PBXBuildFile section */

/* Begin PBXFileReference section */
		4523D878FF2973B9299C4D49 /* Pods_TattooApp_PetProject.framework */ = {isa = PBXFileReference; explicitFileType = wrapper.framework; includeInIndex = 0; path = Pods_TattooApp_PetProject.framework; sourceTree = BUILT_PRODUCTS_DIR; };
		CE5F0A8428F68F0A0068DC2D /* TattooApp_PetProject.app */ = {isa = PBXFileReference; explicitFileType = wrapper.application; includeInIndex = 0; path = TattooApp_PetProject.app; sourceTree = BUILT_PRODUCTS_DIR; };
		CE5F0A8728F68F0A0068DC2D /* AppDelegate.swift */ = {isa = PBXFileReference; lastKnownFileType = sourcecode.swift; path = AppDelegate.swift; sourceTree = "<group>"; };
		CE5F0A8928F68F0A0068DC2D /* SceneDelegate.swift */ = {isa = PBXFileReference; lastKnownFileType = sourcecode.swift; path = SceneDelegate.swift; sourceTree = "<group>"; };
		CE5F0A8E28F68F0A0068DC2D /* Base */ = {isa = PBXFileReference; lastKnownFileType = file.storyboard; name = Base; path = Base.lproj/Main.storyboard; sourceTree = "<group>"; };
		CE5F0A9028F68F0B0068DC2D /* Assets.xcassets */ = {isa = PBXFileReference; lastKnownFileType = folder.assetcatalog; path = Assets.xcassets; sourceTree = "<group>"; };
		CE5F0A9328F68F0B0068DC2D /* Base */ = {isa = PBXFileReference; lastKnownFileType = file.storyboard; name = Base; path = Base.lproj/LaunchScreen.storyboard; sourceTree = "<group>"; };
		CE5F0A9528F68F0B0068DC2D /* Info.plist */ = {isa = PBXFileReference; lastKnownFileType = text.plist.xml; path = Info.plist; sourceTree = "<group>"; };
		CE5F0A9B28F68FF20068DC2D /* MainViewController.swift */ = {isa = PBXFileReference; lastKnownFileType = sourcecode.swift; path = MainViewController.swift; sourceTree = "<group>"; };
		CE5F0A9E28F690580068DC2D /* SideMenuModel.swift */ = {isa = PBXFileReference; lastKnownFileType = sourcecode.swift; path = SideMenuModel.swift; sourceTree = "<group>"; };
		CE5F0AA028F690AA0068DC2D /* SideMenuController.swift */ = {isa = PBXFileReference; lastKnownFileType = sourcecode.swift; path = SideMenuController.swift; sourceTree = "<group>"; };
		CE5F0AA328F6912F0068DC2D /* SideMenuCell.swift */ = {isa = PBXFileReference; lastKnownFileType = sourcecode.swift; path = SideMenuCell.swift; sourceTree = "<group>"; };
		CE5F0AA428F6912F0068DC2D /* SideMenuCell.xib */ = {isa = PBXFileReference; lastKnownFileType = file.xib; path = SideMenuCell.xib; sourceTree = "<group>"; };
		CE5F0AA728F691BA0068DC2D /* HomeViewController.swift */ = {isa = PBXFileReference; lastKnownFileType = sourcecode.swift; path = HomeViewController.swift; sourceTree = "<group>"; };
		CE5F0AA928F691DE0068DC2D /* PriceViewController.swift */ = {isa = PBXFileReference; lastKnownFileType = sourcecode.swift; path = PriceViewController.swift; sourceTree = "<group>"; };
		CE5F0AAB28F691FD0068DC2D /* RecommendationViewController.swift */ = {isa = PBXFileReference; lastKnownFileType = sourcecode.swift; path = RecommendationViewController.swift; sourceTree = "<group>"; };
		CE5F0AAD28F692170068DC2D /* RecordingViewController.swift */ = {isa = PBXFileReference; lastKnownFileType = sourcecode.swift; path = RecordingViewController.swift; sourceTree = "<group>"; };
		CE5F0AAF28F6923F0068DC2D /* TattooIdeasViewController.swift */ = {isa = PBXFileReference; lastKnownFileType = sourcecode.swift; path = TattooIdeasViewController.swift; sourceTree = "<group>"; };
		CE5F0AB128F692710068DC2D /* SettingsViewController.swift */ = {isa = PBXFileReference; lastKnownFileType = sourcecode.swift; path = SettingsViewController.swift; sourceTree = "<group>"; };
		CE5F0AB328F6B7120068DC2D /* myWorksCell.swift */ = {isa = PBXFileReference; lastKnownFileType = sourcecode.swift; path = myWorksCell.swift; sourceTree = "<group>"; };
		CE86521728F822200054CF5E /* PriceModel.swift */ = {isa = PBXFileReference; lastKnownFileType = sourcecode.swift; path = PriceModel.swift; sourceTree = "<group>"; };
		CE86521928F823F80054CF5E /* PriceCell.swift */ = {isa = PBXFileReference; lastKnownFileType = sourcecode.swift; path = PriceCell.swift; sourceTree = "<group>"; };
		CE86521A28F823F80054CF5E /* PriceCell.xib */ = {isa = PBXFileReference; lastKnownFileType = file.xib; path = PriceCell.xib; sourceTree = "<group>"; };
		CE86521D28F8240A0054CF5E /* StockCell.swift */ = {isa = PBXFileReference; lastKnownFileType = sourcecode.swift; path = StockCell.swift; sourceTree = "<group>"; };
		CE86521E28F8240A0054CF5E /* StockCell.xib */ = {isa = PBXFileReference; lastKnownFileType = file.xib; path = StockCell.xib; sourceTree = "<group>"; };
		CE9BDAB128F6C7A9006338B4 /* myWorksModel.swift */ = {isa = PBXFileReference; lastKnownFileType = sourcecode.swift; path = myWorksModel.swift; sourceTree = "<group>"; };
		CEC5B3C028FC1469001B2D00 /* Network.swift */ = {isa = PBXFileReference; lastKnownFileType = sourcecode.swift; path = Network.swift; sourceTree = "<group>"; };
		CEC5B3C228FC15B0001B2D00 /* NetworkDataFetcher.swift */ = {isa = PBXFileReference; lastKnownFileType = sourcecode.swift; path = NetworkDataFetcher.swift; sourceTree = "<group>"; };
		CEC5B3C428FC1654001B2D00 /* DataModel.swift */ = {isa = PBXFileReference; lastKnownFileType = sourcecode.swift; path = DataModel.swift; sourceTree = "<group>"; };
		CEC5B3C628FC1822001B2D00 /* TattooIdeaCell.swift */ = {isa = PBXFileReference; lastKnownFileType = sourcecode.swift; path = TattooIdeaCell.swift; sourceTree = "<group>"; };
		CEC5B3C728FC1822001B2D00 /* TattooIdeaCell.xib */ = {isa = PBXFileReference; lastKnownFileType = file.xib; path = TattooIdeaCell.xib; sourceTree = "<group>"; };
		CEC5B3CA28FD6DF4001B2D00 /* BeforeSessionCell.swift */ = {isa = PBXFileReference; lastKnownFileType = sourcecode.swift; path = BeforeSessionCell.swift; sourceTree = "<group>"; };
		CEC5B3CB28FD6DF4001B2D00 /* BeforeSessionCell.xib */ = {isa = PBXFileReference; lastKnownFileType = file.xib; path = BeforeSessionCell.xib; sourceTree = "<group>"; };
		CEC5B3CE28FD6E08001B2D00 /* AfterSessionCell.swift */ = {isa = PBXFileReference; lastKnownFileType = sourcecode.swift; path = AfterSessionCell.swift; sourceTree = "<group>"; };
		CEC5B3CF28FD6E08001B2D00 /* AfterSessionCell.xib */ = {isa = PBXFileReference; lastKnownFileType = file.xib; path = AfterSessionCell.xib; sourceTree = "<group>"; };
		CEC5B3D228FD6E41001B2D00 /* ContraindicationCell.swift */ = {isa = PBXFileReference; lastKnownFileType = sourcecode.swift; path = ContraindicationCell.swift; sourceTree = "<group>"; };
		CEC5B3D328FD6E41001B2D00 /* ContraindicationCell.xib */ = {isa = PBXFileReference; lastKnownFileType = file.xib; path = ContraindicationCell.xib; sourceTree = "<group>"; };
		CF0A8C67DA236E356596E61A /* Pods-TattooApp_PetProject.debug.xcconfig */ = {isa = PBXFileReference; includeInIndex = 1; lastKnownFileType = text.xcconfig; name = "Pods-TattooApp_PetProject.debug.xcconfig"; path = "Target Support Files/Pods-TattooApp_PetProject/Pods-TattooApp_PetProject.debug.xcconfig"; sourceTree = "<group>"; };
		F14E0655BD8C9D6821EB283F /* Pods-TattooApp_PetProject.release.xcconfig */ = {isa = PBXFileReference; includeInIndex = 1; lastKnownFileType = text.xcconfig; name = "Pods-TattooApp_PetProject.release.xcconfig"; path = "Target Support Files/Pods-TattooApp_PetProject/Pods-TattooApp_PetProject.release.xcconfig"; sourceTree = "<group>"; };
/* End PBXFileReference section */

/* Begin PBXFrameworksBuildPhase section */
		CE5F0A8128F68F0A0068DC2D /* Frameworks */ = {
			isa = PBXFrameworksBuildPhase;
			buildActionMask = 2147483647;
			files = (
				C76943936A10013583066206 /* Pods_TattooApp_PetProject.framework in Frameworks */,
			);
			runOnlyForDeploymentPostprocessing = 0;
		};
/* End PBXFrameworksBuildPhase section */

/* Begin PBXGroup section */
		94BCA93C00410253C9C593ED /* Frameworks */ = {
			isa = PBXGroup;
			children = (
				4523D878FF2973B9299C4D49 /* Pods_TattooApp_PetProject.framework */,
			);
			name = Frameworks;
			sourceTree = "<group>";
		};
		CE5F0A7B28F68F0A0068DC2D = {
			isa = PBXGroup;
			children = (
				CE5F0A8628F68F0A0068DC2D /* TattooApp_PetProject */,
				CE5F0A8528F68F0A0068DC2D /* Products */,
				D1F082697B4409A82815C24A /* Pods */,
				94BCA93C00410253C9C593ED /* Frameworks */,
			);
			sourceTree = "<group>";
		};
		CE5F0A8528F68F0A0068DC2D /* Products */ = {
			isa = PBXGroup;
			children = (
				CE5F0A8428F68F0A0068DC2D /* TattooApp_PetProject.app */,
			);
			name = Products;
			sourceTree = "<group>";
		};
		CE5F0A8628F68F0A0068DC2D /* TattooApp_PetProject */ = {
			isa = PBXGroup;
			children = (
				CEC5B3BF28FC1450001B2D00 /* Network */,
				CE9BDAB328F6D52A006338B4 /* Application */,
				CE5F0AA228F690C00068DC2D /* Cells */,
				CE5F0A9D28F6903F0068DC2D /* Models */,
				CE5F0A8D28F68F0A0068DC2D /* Main.storyboard */,
				CE5F0A9028F68F0B0068DC2D /* Assets.xcassets */,
				CE5F0A9228F68F0B0068DC2D /* LaunchScreen.storyboard */,
				CE5F0A9528F68F0B0068DC2D /* Info.plist */,
				CE9BDAB428F6D545006338B4 /* Controllers */,
			);
			path = TattooApp_PetProject;
			sourceTree = "<group>";
		};
		CE5F0A9D28F6903F0068DC2D /* Models */ = {
			isa = PBXGroup;
			children = (
				CE5F0A9E28F690580068DC2D /* SideMenuModel.swift */,
				CE9BDAB128F6C7A9006338B4 /* myWorksModel.swift */,
				CE86521728F822200054CF5E /* PriceModel.swift */,
				CEC5B3C428FC1654001B2D00 /* DataModel.swift */,
			);
			path = Models;
			sourceTree = "<group>";
		};
		CE5F0AA228F690C00068DC2D /* Cells */ = {
			isa = PBXGroup;
			children = (
				CE5F0AA328F6912F0068DC2D /* SideMenuCell.swift */,
				CEC5B3CE28FD6E08001B2D00 /* AfterSessionCell.swift */,
				CEC5B3CF28FD6E08001B2D00 /* AfterSessionCell.xib */,
				CE5F0AA428F6912F0068DC2D /* SideMenuCell.xib */,
				CE5F0AB328F6B7120068DC2D /* myWorksCell.swift */,
				CE86521928F823F80054CF5E /* PriceCell.swift */,
				CE86521A28F823F80054CF5E /* PriceCell.xib */,
				CE86521D28F8240A0054CF5E /* StockCell.swift */,
				CE86521E28F8240A0054CF5E /* StockCell.xib */,
				CEC5B3C628FC1822001B2D00 /* TattooIdeaCell.swift */,
				CEC5B3C728FC1822001B2D00 /* TattooIdeaCell.xib */,
				CEC5B3CA28FD6DF4001B2D00 /* BeforeSessionCell.swift */,
				CEC5B3CB28FD6DF4001B2D00 /* BeforeSessionCell.xib */,
				CEC5B3D228FD6E41001B2D00 /* ContraindicationCell.swift */,
				CEC5B3D328FD6E41001B2D00 /* ContraindicationCell.xib */,
			);
			path = Cells;
			sourceTree = "<group>";
		};
		CE9BDAB328F6D52A006338B4 /* Application */ = {
			isa = PBXGroup;
			children = (
				CE5F0A8728F68F0A0068DC2D /* AppDelegate.swift */,
				CE5F0A8928F68F0A0068DC2D /* SceneDelegate.swift */,
			);
			path = Application;
			sourceTree = "<group>";
		};
		CE9BDAB428F6D545006338B4 /* Controllers */ = {
			isa = PBXGroup;
			children = (
				CE5F0A9B28F68FF20068DC2D /* MainViewController.swift */,
				CE5F0AA028F690AA0068DC2D /* SideMenuController.swift */,
				CE5F0AA728F691BA0068DC2D /* HomeViewController.swift */,
				CE5F0AA928F691DE0068DC2D /* PriceViewController.swift */,
				CE5F0AAB28F691FD0068DC2D /* RecommendationViewController.swift */,
				CE5F0AAD28F692170068DC2D /* RecordingViewController.swift */,
				CE5F0AAF28F6923F0068DC2D /* TattooIdeasViewController.swift */,
				CE5F0AB128F692710068DC2D /* SettingsViewController.swift */,
			);
			path = Controllers;
			sourceTree = "<group>";
		};
		CEC5B3BF28FC1450001B2D00 /* Network */ = {
			isa = PBXGroup;
			children = (
				CEC5B3C028FC1469001B2D00 /* Network.swift */,
				CEC5B3C228FC15B0001B2D00 /* NetworkDataFetcher.swift */,
			);
			path = Network;
			sourceTree = "<group>";
		};
		D1F082697B4409A82815C24A /* Pods */ = {
			isa = PBXGroup;
			children = (
				CF0A8C67DA236E356596E61A /* Pods-TattooApp_PetProject.debug.xcconfig */,
				F14E0655BD8C9D6821EB283F /* Pods-TattooApp_PetProject.release.xcconfig */,
			);
			path = Pods;
			sourceTree = "<group>";
		};
/* End PBXGroup section */

/* Begin PBXNativeTarget section */
		CE5F0A8328F68F0A0068DC2D /* TattooApp_PetProject */ = {
			isa = PBXNativeTarget;
			buildConfigurationList = CE5F0A9828F68F0B0068DC2D /* Build configuration list for PBXNativeTarget "TattooApp_PetProject" */;
			buildPhases = (
				410A8372506D0C6017A899DA /* [CP] Check Pods Manifest.lock */,
				CE5F0A8028F68F0A0068DC2D /* Sources */,
				CE5F0A8128F68F0A0068DC2D /* Frameworks */,
				CE5F0A8228F68F0A0068DC2D /* Resources */,
				45A16203EFBBBDD29AB5A45C /* [CP] Embed Pods Frameworks */,
			);
			buildRules = (
			);
			dependencies = (
			);
			name = TattooApp_PetProject;
			productName = TattooApp_PetProject;
			productReference = CE5F0A8428F68F0A0068DC2D /* TattooApp_PetProject.app */;
			productType = "com.apple.product-type.application";
		};
/* End PBXNativeTarget section */

/* Begin PBXProject section */
		CE5F0A7C28F68F0A0068DC2D /* Project object */ = {
			isa = PBXProject;
			attributes = {
				BuildIndependentTargetsInParallel = 1;
				LastSwiftUpdateCheck = 1320;
				LastUpgradeCheck = 1320;
				TargetAttributes = {
					CE5F0A8328F68F0A0068DC2D = {
						CreatedOnToolsVersion = 13.2.1;
					};
				};
			};
			buildConfigurationList = CE5F0A7F28F68F0A0068DC2D /* Build configuration list for PBXProject "TattooApp_PetProject" */;
			compatibilityVersion = "Xcode 13.0";
			developmentRegion = en;
			hasScannedForEncodings = 0;
			knownRegions = (
				en,
				Base,
			);
			mainGroup = CE5F0A7B28F68F0A0068DC2D;
			productRefGroup = CE5F0A8528F68F0A0068DC2D /* Products */;
			projectDirPath = "";
			projectRoot = "";
			targets = (
				CE5F0A8328F68F0A0068DC2D /* TattooApp_PetProject */,
			);
		};
/* End PBXProject section */

/* Begin PBXResourcesBuildPhase section */
		CE5F0A8228F68F0A0068DC2D /* Resources */ = {
			isa = PBXResourcesBuildPhase;
			buildActionMask = 2147483647;
			files = (
				CEC5B3D528FD6E41001B2D00 /* ContraindicationCell.xib in Resources */,
				CE5F0A9428F68F0B0068DC2D /* LaunchScreen.storyboard in Resources */,
				CE5F0A9128F68F0B0068DC2D /* Assets.xcassets in Resources */,
				CEC5B3D128FD6E09001B2D00 /* AfterSessionCell.xib in Resources */,
				CE86521C28F823F80054CF5E /* PriceCell.xib in Resources */,
				CEC5B3C928FC1822001B2D00 /* TattooIdeaCell.xib in Resources */,
				CE5F0A8F28F68F0A0068DC2D /* Main.storyboard in Resources */,
				CEC5B3CD28FD6DF4001B2D00 /* BeforeSessionCell.xib in Resources */,
				CE86522028F8240A0054CF5E /* StockCell.xib in Resources */,
				CE5F0AA628F6912F0068DC2D /* SideMenuCell.xib in Resources */,
			);
			runOnlyForDeploymentPostprocessing = 0;
		};
/* End PBXResourcesBuildPhase section */

/* Begin PBXShellScriptBuildPhase section */
		410A8372506D0C6017A899DA /* [CP] Check Pods Manifest.lock */ = {
			isa = PBXShellScriptBuildPhase;
			buildActionMask = 2147483647;
			files = (
			);
			inputFileListPaths = (
			);
			inputPaths = (
				"${PODS_PODFILE_DIR_PATH}/Podfile.lock",
				"${PODS_ROOT}/Manifest.lock",
			);
			name = "[CP] Check Pods Manifest.lock";
			outputFileListPaths = (
			);
			outputPaths = (
				"$(DERIVED_FILE_DIR)/Pods-TattooApp_PetProject-checkManifestLockResult.txt",
			);
			runOnlyForDeploymentPostprocessing = 0;
			shellPath = /bin/sh;
			shellScript = "diff \"${PODS_PODFILE_DIR_PATH}/Podfile.lock\" \"${PODS_ROOT}/Manifest.lock\" > /dev/null\nif [ $? != 0 ] ; then\n    # print error to STDERR\n    echo \"error: The sandbox is not in sync with the Podfile.lock. Run 'pod install' or update your CocoaPods installation.\" >&2\n    exit 1\nfi\n# This output is used by Xcode 'outputs' to avoid re-running this script phase.\necho \"SUCCESS\" > \"${SCRIPT_OUTPUT_FILE_0}\"\n";
			showEnvVarsInLog = 0;
		};
		45A16203EFBBBDD29AB5A45C /* [CP] Embed Pods Frameworks */ = {
			isa = PBXShellScriptBuildPhase;
			buildActionMask = 2147483647;
			files = (
			);
			inputFileListPaths = (
				"${PODS_ROOT}/Target Support Files/Pods-TattooApp_PetProject/Pods-TattooApp_PetProject-frameworks-${CONFIGURATION}-input-files.xcfilelist",
			);
			name = "[CP] Embed Pods Frameworks";
			outputFileListPaths = (
				"${PODS_ROOT}/Target Support Files/Pods-TattooApp_PetProject/Pods-TattooApp_PetProject-frameworks-${CONFIGURATION}-output-files.xcfilelist",
			);
			runOnlyForDeploymentPostprocessing = 0;
			shellPath = /bin/sh;
			shellScript = "\"${PODS_ROOT}/Target Support Files/Pods-TattooApp_PetProject/Pods-TattooApp_PetProject-frameworks.sh\"\n";
			showEnvVarsInLog = 0;
		};
/* End PBXShellScriptBuildPhase section */

/* Begin PBXSourcesBuildPhase section */
		CE5F0A8028F68F0A0068DC2D /* Sources */ = {
			isa = PBXSourcesBuildPhase;
			buildActionMask = 2147483647;
			files = (
				CE5F0AA128F690AA0068DC2D /* SideMenuController.swift in Sources */,
				CE5F0A9C28F68FF20068DC2D /* MainViewController.swift in Sources */,
				CE9BDAB228F6C7A9006338B4 /* myWorksModel.swift in Sources */,
				CE5F0A9F28F690580068DC2D /* SideMenuModel.swift in Sources */,
				CEC5B3C828FC1822001B2D00 /* TattooIdeaCell.swift in Sources */,
				CE86521F28F8240A0054CF5E /* StockCell.swift in Sources */,
				CEC5B3D428FD6E41001B2D00 /* ContraindicationCell.swift in Sources */,
				CEC5B3C528FC1654001B2D00 /* DataModel.swift in Sources */,
				CE5F0A8828F68F0A0068DC2D /* AppDelegate.swift in Sources */,
				CE5F0AAA28F691DE0068DC2D /* PriceViewController.swift in Sources */,
				CE5F0AB428F6B7120068DC2D /* myWorksCell.swift in Sources */,
				CE5F0AAE28F692170068DC2D /* RecordingViewController.swift in Sources */,
				CEC5B3D028FD6E08001B2D00 /* AfterSessionCell.swift in Sources */,
				CEC5B3CC28FD6DF4001B2D00 /* BeforeSessionCell.swift in Sources */,
				CE5F0AB028F6923F0068DC2D /* TattooIdeasViewController.swift in Sources */,
				CE5F0A8A28F68F0A0068DC2D /* SceneDelegate.swift in Sources */,
				CE5F0AA828F691BA0068DC2D /* HomeViewController.swift in Sources */,
				CE5F0AA528F6912F0068DC2D /* SideMenuCell.swift in Sources */,
				CEC5B3C328FC15B0001B2D00 /* NetworkDataFetcher.swift in Sources */,
				CE5F0AAC28F691FD0068DC2D /* RecommendationViewController.swift in Sources */,
				CEC5B3C128FC1469001B2D00 /* Network.swift in Sources */,
				CE86521B28F823F80054CF5E /* PriceCell.swift in Sources */,
				CE5F0AB228F692710068DC2D /* SettingsViewController.swift in Sources */,
				CE86521828F822200054CF5E /* PriceModel.swift in Sources */,
			);
			runOnlyForDeploymentPostprocessing = 0;
		};
/* End PBXSourcesBuildPhase section */

/* Begin PBXVariantGroup section */
		CE5F0A8D28F68F0A0068DC2D /* Main.storyboard */ = {
			isa = PBXVariantGroup;
			children = (
				CE5F0A8E28F68F0A0068DC2D /* Base */,
			);
			name = Main.storyboard;
			sourceTree = "<group>";
		};
		CE5F0A9228F68F0B0068DC2D /* LaunchScreen.storyboard */ = {
			isa = PBXVariantGroup;
			children = (
				CE5F0A9328F68F0B0068DC2D /* Base */,
			);
			name = LaunchScreen.storyboard;
			sourceTree = "<group>";
		};
/* End PBXVariantGroup section */

/* Begin XCBuildConfiguration section */
		CE5F0A9628F68F0B0068DC2D /* Debug */ = {
			isa = XCBuildConfiguration;
			buildSettings = {
				ALWAYS_SEARCH_USER_PATHS = NO;
				CLANG_ANALYZER_NONNULL = YES;
				CLANG_ANALYZER_NUMBER_OBJECT_CONVERSION = YES_AGGRESSIVE;
				CLANG_CXX_LANGUAGE_STANDARD = "gnu++17";
				CLANG_CXX_LIBRARY = "libc++";
				CLANG_ENABLE_MODULES = YES;
				CLANG_ENABLE_OBJC_ARC = YES;
				CLANG_ENABLE_OBJC_WEAK = YES;
				CLANG_WARN_BLOCK_CAPTURE_AUTORELEASING = YES;
				CLANG_WARN_BOOL_CONVERSION = YES;
				CLANG_WARN_COMMA = YES;
				CLANG_WARN_CONSTANT_CONVERSION = YES;
				CLANG_WARN_DEPRECATED_OBJC_IMPLEMENTATIONS = YES;
				CLANG_WARN_DIRECT_OBJC_ISA_USAGE = YES_ERROR;
				CLANG_WARN_DOCUMENTATION_COMMENTS = YES;
				CLANG_WARN_EMPTY_BODY = YES;
				CLANG_WARN_ENUM_CONVERSION = YES;
				CLANG_WARN_INFINITE_RECURSION = YES;
				CLANG_WARN_INT_CONVERSION = YES;
				CLANG_WARN_NON_LITERAL_NULL_CONVERSION = YES;
				CLANG_WARN_OBJC_IMPLICIT_RETAIN_SELF = YES;
				CLANG_WARN_OBJC_LITERAL_CONVERSION = YES;
				CLANG_WARN_OBJC_ROOT_CLASS = YES_ERROR;
				CLANG_WARN_QUOTED_INCLUDE_IN_FRAMEWORK_HEADER = YES;
				CLANG_WARN_RANGE_LOOP_ANALYSIS = YES;
				CLANG_WARN_STRICT_PROTOTYPES = YES;
				CLANG_WARN_SUSPICIOUS_MOVE = YES;
				CLANG_WARN_UNGUARDED_AVAILABILITY = YES_AGGRESSIVE;
				CLANG_WARN_UNREACHABLE_CODE = YES;
				CLANG_WARN__DUPLICATE_METHOD_MATCH = YES;
				COPY_PHASE_STRIP = NO;
				DEBUG_INFORMATION_FORMAT = dwarf;
				ENABLE_STRICT_OBJC_MSGSEND = YES;
				ENABLE_TESTABILITY = YES;
				GCC_C_LANGUAGE_STANDARD = gnu11;
				GCC_DYNAMIC_NO_PIC = NO;
				GCC_NO_COMMON_BLOCKS = YES;
				GCC_OPTIMIZATION_LEVEL = 0;
				GCC_PREPROCESSOR_DEFINITIONS = (
					"DEBUG=1",
					"$(inherited)",
				);
				GCC_WARN_64_TO_32_BIT_CONVERSION = YES;
				GCC_WARN_ABOUT_RETURN_TYPE = YES_ERROR;
				GCC_WARN_UNDECLARED_SELECTOR = YES;
				GCC_WARN_UNINITIALIZED_AUTOS = YES_AGGRESSIVE;
				GCC_WARN_UNUSED_FUNCTION = YES;
				GCC_WARN_UNUSED_VARIABLE = YES;
				IPHONEOS_DEPLOYMENT_TARGET = 15.2;
				MTL_ENABLE_DEBUG_INFO = INCLUDE_SOURCE;
				MTL_FAST_MATH = YES;
				ONLY_ACTIVE_ARCH = YES;
				SDKROOT = iphoneos;
				SWIFT_ACTIVE_COMPILATION_CONDITIONS = DEBUG;
				SWIFT_OPTIMIZATION_LEVEL = "-Onone";
			};
			name = Debug;
		};
		CE5F0A9728F68F0B0068DC2D /* Release */ = {
			isa = XCBuildConfiguration;
			buildSettings = {
				ALWAYS_SEARCH_USER_PATHS = NO;
				CLANG_ANALYZER_NONNULL = YES;
				CLANG_ANALYZER_NUMBER_OBJECT_CONVERSION = YES_AGGRESSIVE;
				CLANG_CXX_LANGUAGE_STANDARD = "gnu++17";
				CLANG_CXX_LIBRARY = "libc++";
				CLANG_ENABLE_MODULES = YES;
				CLANG_ENABLE_OBJC_ARC = YES;
				CLANG_ENABLE_OBJC_WEAK = YES;
				CLANG_WARN_BLOCK_CAPTURE_AUTORELEASING = YES;
				CLANG_WARN_BOOL_CONVERSION = YES;
				CLANG_WARN_COMMA = YES;
				CLANG_WARN_CONSTANT_CONVERSION = YES;
				CLANG_WARN_DEPRECATED_OBJC_IMPLEMENTATIONS = YES;
				CLANG_WARN_DIRECT_OBJC_ISA_USAGE = YES_ERROR;
				CLANG_WARN_DOCUMENTATION_COMMENTS = YES;
				CLANG_WARN_EMPTY_BODY = YES;
				CLANG_WARN_ENUM_CONVERSION = YES;
				CLANG_WARN_INFINITE_RECURSION = YES;
				CLANG_WARN_INT_CONVERSION = YES;
				CLANG_WARN_NON_LITERAL_NULL_CONVERSION = YES;
				CLANG_WARN_OBJC_IMPLICIT_RETAIN_SELF = YES;
				CLANG_WARN_OBJC_LITERAL_CONVERSION = YES;
				CLANG_WARN_OBJC_ROOT_CLASS = YES_ERROR;
				CLANG_WARN_QUOTED_INCLUDE_IN_FRAMEWORK_HEADER = YES;
				CLANG_WARN_RANGE_LOOP_ANALYSIS = YES;
				CLANG_WARN_STRICT_PROTOTYPES = YES;
				CLANG_WARN_SUSPICIOUS_MOVE = YES;
				CLANG_WARN_UNGUARDED_AVAILABILITY = YES_AGGRESSIVE;
				CLANG_WARN_UNREACHABLE_CODE = YES;
				CLANG_WARN__DUPLICATE_METHOD_MATCH = YES;
				COPY_PHASE_STRIP = NO;
				DEBUG_INFORMATION_FORMAT = "dwarf-with-dsym";
				ENABLE_NS_ASSERTIONS = NO;
				ENABLE_STRICT_OBJC_MSGSEND = YES;
				GCC_C_LANGUAGE_STANDARD = gnu11;
				GCC_NO_COMMON_BLOCKS = YES;
				GCC_WARN_64_TO_32_BIT_CONVERSION = YES;
				GCC_WARN_ABOUT_RETURN_TYPE = YES_ERROR;
				GCC_WARN_UNDECLARED_SELECTOR = YES;
				GCC_WARN_UNINITIALIZED_AUTOS = YES_AGGRESSIVE;
				GCC_WARN_UNUSED_FUNCTION = YES;
				GCC_WARN_UNUSED_VARIABLE = YES;
				IPHONEOS_DEPLOYMENT_TARGET = 15.2;
				MTL_ENABLE_DEBUG_INFO = NO;
				MTL_FAST_MATH = YES;
				SDKROOT = iphoneos;
				SWIFT_COMPILATION_MODE = wholemodule;
				SWIFT_OPTIMIZATION_LEVEL = "-O";
				VALIDATE_PRODUCT = YES;
			};
			name = Release;
		};
		CE5F0A9928F68F0B0068DC2D /* Debug */ = {
			isa = XCBuildConfiguration;
			baseConfigurationReference = CF0A8C67DA236E356596E61A /* Pods-TattooApp_PetProject.debug.xcconfig */;
			buildSettings = {
				ASSETCATALOG_COMPILER_APPICON_NAME = AppIcon;
				ASSETCATALOG_COMPILER_GLOBAL_ACCENT_COLOR_NAME = AccentColor;
				CODE_SIGN_STYLE = Automatic;
				CURRENT_PROJECT_VERSION = 1;
				DEVELOPMENT_TEAM = 7PAYMRGF6V;
				GENERATE_INFOPLIST_FILE = YES;
				INFOPLIST_FILE = TattooApp_PetProject/Info.plist;
				INFOPLIST_KEY_UIApplicationSupportsIndirectInputEvents = YES;
				INFOPLIST_KEY_UILaunchStoryboardName = LaunchScreen;
				INFOPLIST_KEY_UIMainStoryboardFile = Main;
				INFOPLIST_KEY_UISupportedInterfaceOrientations_iPad = "UIInterfaceOrientationPortrait UIInterfaceOrientationPortraitUpsideDown UIInterfaceOrientationLandscapeLeft UIInterfaceOrientationLandscapeRight";
				INFOPLIST_KEY_UISupportedInterfaceOrientations_iPhone = "UIInterfaceOrientationPortrait UIInterfaceOrientationLandscapeLeft UIInterfaceOrientationLandscapeRight";
				LD_RUNPATH_SEARCH_PATHS = (
					"$(inherited)",
					"@executable_path/Frameworks",
				);
				MARKETING_VERSION = 1.0;
				PRODUCT_BUNDLE_IDENTIFIER = "SPA.TattooApp-PetProject";
				PRODUCT_NAME = "$(TARGET_NAME)";
				SWIFT_EMIT_LOC_STRINGS = YES;
				SWIFT_VERSION = 5.0;
				TARGETED_DEVICE_FAMILY = "1,2";
			};
			name = Debug;
		};
		CE5F0A9A28F68F0B0068DC2D /* Release */ = {
			isa = XCBuildConfiguration;
			baseConfigurationReference = F14E0655BD8C9D6821EB283F /* Pods-TattooApp_PetProject.release.xcconfig */;
			buildSettings = {
				ASSETCATALOG_COMPILER_APPICON_NAME = AppIcon;
				ASSETCATALOG_COMPILER_GLOBAL_ACCENT_COLOR_NAME = AccentColor;
				CODE_SIGN_STYLE = Automatic;
				CURRENT_PROJECT_VERSION = 1;
				DEVELOPMENT_TEAM = 7PAYMRGF6V;
				GENERATE_INFOPLIST_FILE = YES;
				INFOPLIST_FILE = TattooApp_PetProject/Info.plist;
				INFOPLIST_KEY_UIApplicationSupportsIndirectInputEvents = YES;
				INFOPLIST_KEY_UILaunchStoryboardName = LaunchScreen;
				INFOPLIST_KEY_UIMainStoryboardFile = Main;
				INFOPLIST_KEY_UISupportedInterfaceOrientations_iPad = "UIInterfaceOrientationPortrait UIInterfaceOrientationPortraitUpsideDown UIInterfaceOrientationLandscapeLeft UIInterfaceOrientationLandscapeRight";
				INFOPLIST_KEY_UISupportedInterfaceOrientations_iPhone = "UIInterfaceOrientationPortrait UIInterfaceOrientationLandscapeLeft UIInterfaceOrientationLandscapeRight";
				LD_RUNPATH_SEARCH_PATHS = (
					"$(inherited)",
					"@executable_path/Frameworks",
				);
				MARKETING_VERSION = 1.0;
				PRODUCT_BUNDLE_IDENTIFIER = "SPA.TattooApp-PetProject";
				PRODUCT_NAME = "$(TARGET_NAME)";
				SWIFT_EMIT_LOC_STRINGS = YES;
				SWIFT_VERSION = 5.0;
				TARGETED_DEVICE_FAMILY = "1,2";
			};
			name = Release;
		};
/* End XCBuildConfiguration section */

/* Begin XCConfigurationList section */
		CE5F0A7F28F68F0A0068DC2D /* Build configuration list for PBXProject "TattooApp_PetProject" */ = {
			isa = XCConfigurationList;
			buildConfigurations = (
				CE5F0A9628F68F0B0068DC2D /* Debug */,
				CE5F0A9728F68F0B0068DC2D /* Release */,
			);
			defaultConfigurationIsVisible = 0;
			defaultConfigurationName = Release;
		};
		CE5F0A9828F68F0B0068DC2D /* Build configuration list for PBXNativeTarget "TattooApp_PetProject" */ = {
			isa = XCConfigurationList;
			buildConfigurations = (
				CE5F0A9928F68F0B0068DC2D /* Debug */,
				CE5F0A9A28F68F0B0068DC2D /* Release */,
			);
			defaultConfigurationIsVisible = 0;
			defaultConfigurationName = Release;
		};
/* End XCConfigurationList section */
	};
	rootObject = CE5F0A7C28F68F0A0068DC2D /* Project object */;
}
